
Microsoft Visual Studio Solution File, Format Version 12.00
# Visual Studio Version 16
VisualStudioVersion = 16.0.29509.3
MinimumVisualStudioVersion = 10.0.40219.1
Project("{F184B08F-C81C-45F6-A57F-5ABD9991F28F}") = "Coffeeshop", "Coffeeshop\Coffeeshop.vbproj", "{E662C2ED-79A7-4A14-BA89-31FCE0B10E49}"
EndProject
Global
	GlobalSection(SolutionConfigurationPlatforms) = preSolution
		Debug|Any CPU = Debug|Any CPU
		Release|Any CPU = Release|Any CPU
	EndGlobalSection
	GlobalSection(ProjectConfigurationPlatforms) = postSolution
		{E662C2ED-79A7-4A14-BA89-31FCE0B10E49}.Debug|Any CPU.ActiveCfg = Debug|Any CPU
		{E662C2ED-79A7-4A14-BA89-31FCE0B10E49}.Debug|Any CPU.Build.0 = Debug|Any CPU
		{E662C2ED-79A7-4A14-BA89-31FCE0B10E49}.Release|Any CPU.ActiveCfg = Release|Any CPU
		{E662C2ED-79A7-4A14-BA89-31FCE0B10E49}.Release|Any CPU.Build.0 = Release|Any CPU
	EndGlobalSection
	GlobalSection(SolutionProperties) = preSolution
		HideSolutionNode = FALSE
	EndGlobalSection
	GlobalSection(ExtensibilityGlobals) = postSolution
		SolutionGuid = {FB8F2C81-5DBE-497D-B1D3-CE92E0405C83}
	EndGlobalSection
EndGlobal
